
Microsoft Visual Studio Solution File, Format Version 12.00
# Visual Studio Version 16
VisualStudioVersion = 16.0.30413.136
MinimumVisualStudioVersion = 10.0.40219.1
Project("{9092AA53-FB77-4645-B42D-1CCCA6BD08BD}") = "NeoBot", "NeoBot.njsproj", "{7D991361-D9F6-4292-897D-E67CB7AB3706}"
EndProject
Global
	GlobalSection(SolutionConfigurationPlatforms) = preSolution
		Debug|Any CPU = Debug|Any CPU
		Release|Any CPU = Release|Any CPU
	EndGlobalSection
	GlobalSection(ProjectConfigurationPlatforms) = postSolution
		{7D991361-D9F6-4292-897D-E67CB7AB3706}.Debug|Any CPU.ActiveCfg = Debug|Any CPU
		{7D991361-D9F6-4292-897D-E67CB7AB3706}.Debug|Any CPU.Build.0 = Debug|Any CPU
		{7D991361-D9F6-4292-897D-E67CB7AB3706}.Release|Any CPU.ActiveCfg = Release|Any CPU
		{7D991361-D9F6-4292-897D-E67CB7AB3706}.Release|Any CPU.Build.0 = Release|Any CPU
	EndGlobalSection
	GlobalSection(SolutionProperties) = preSolution
		HideSolutionNode = FALSE
	EndGlobalSection
	GlobalSection(ExtensibilityGlobals) = postSolution
		SolutionGuid = {4E89F26A-735E-4D7B-AEC5-FE8322F7A3F5}
	EndGlobalSection
EndGlobal
